// !$*UTF8*$!
{
	archiveVersion = 1;
	classes = {
	};
	objectVersion = 46;
	objects = {

/* Begin PBXBuildFile section */
		A30489931667C457009511CB /* Foundation.framework in Frameworks */ = {isa = PBXBuildFile; fileRef = A30489921667C457009511CB /* Foundation.framework */; };
		A30489A21667C457009511CB /* SenTestingKit.framework in Frameworks */ = {isa = PBXBuildFile; fileRef = A30489A11667C457009511CB /* SenTestingKit.framework */; };
		A30489A51667C457009511CB /* Foundation.framework in Frameworks */ = {isa = PBXBuildFile; fileRef = A30489921667C457009511CB /* Foundation.framework */; };
		A30489A81667C457009511CB /* libAFIncrementalStore.a in Frameworks */ = {isa = PBXBuildFile; fileRef = A304898F1667C457009511CB /* libAFIncrementalStore.a */; };
		A30489AE1667C457009511CB /* InfoPlist.strings in Resources */ = {isa = PBXBuildFile; fileRef = A30489AC1667C457009511CB /* InfoPlist.strings */; };
		A30489B11667C457009511CB /* AFIncrementalStoreIntegrationTests.m in Sources */ = {isa = PBXBuildFile; fileRef = A30489B01667C457009511CB /* AFIncrementalStoreIntegrationTests.m */; };
		A30489C61667C567009511CB /* AFIncrementalStore.m in Sources */ = {isa = PBXBuildFile; fileRef = A30489C31667C567009511CB /* AFIncrementalStore.m */; };
		A30489C71667C567009511CB /* AFRESTClient.m in Sources */ = {isa = PBXBuildFile; fileRef = A30489C51667C567009511CB /* AFRESTClient.m */; };
		A30489F51667C61A009511CB /* AFHTTPClient.m in Sources */ = {isa = PBXBuildFile; fileRef = A30489E31667C61A009511CB /* AFHTTPClient.m */; };
		A30489F61667C61A009511CB /* AFHTTPRequestOperation.m in Sources */ = {isa = PBXBuildFile; fileRef = A30489E51667C61A009511CB /* AFHTTPRequestOperation.m */; };
		A30489F71667C61A009511CB /* AFImageRequestOperation.m in Sources */ = {isa = PBXBuildFile; fileRef = A30489E71667C61A009511CB /* AFImageRequestOperation.m */; };
		A30489F81667C61A009511CB /* AFJSONRequestOperation.m in Sources */ = {isa = PBXBuildFile; fileRef = A30489E91667C61A009511CB /* AFJSONRequestOperation.m */; };
		A30489F91667C61A009511CB /* AFNetworkActivityIndicatorManager.m in Sources */ = {isa = PBXBuildFile; fileRef = A30489EB1667C61A009511CB /* AFNetworkActivityIndicatorManager.m */; };
		A30489FA1667C61A009511CB /* AFPropertyListRequestOperation.m in Sources */ = {isa = PBXBuildFile; fileRef = A30489EE1667C61A009511CB /* AFPropertyListRequestOperation.m */; };
		A30489FB1667C61A009511CB /* AFURLConnectionOperation.m in Sources */ = {isa = PBXBuildFile; fileRef = A30489F01667C61A009511CB /* AFURLConnectionOperation.m */; };
		A30489FC1667C61A009511CB /* AFXMLRequestOperation.m in Sources */ = {isa = PBXBuildFile; fileRef = A30489F21667C61A009511CB /* AFXMLRequestOperation.m */; };
		A30489FD1667C61A009511CB /* UIImageView+AFNetworking.m in Sources */ = {isa = PBXBuildFile; fileRef = A30489F41667C61A009511CB /* UIImageView+AFNetworking.m */; };
		A30489FF1667C665009511CB /* UIKit.framework in Frameworks */ = {isa = PBXBuildFile; fileRef = A30489FE1667C665009511CB /* UIKit.framework */; };
		A3048A031667C831009511CB /* CoreData.framework in Frameworks */ = {isa = PBXBuildFile; fileRef = A3048A021667C831009511CB /* CoreData.framework */; };
		A3048A1B1667E801009511CB /* OHHTTPStubs.m in Sources */ = {isa = PBXBuildFile; fileRef = A3048A111667E801009511CB /* OHHTTPStubs.m */; };
		A3048A1C1667E801009511CB /* OHHTTPStubsResponse.m in Sources */ = {isa = PBXBuildFile; fileRef = A3048A161667E801009511CB /* OHHTTPStubsResponse.m */; };
		A37C0BB2166832F400C774CD /* libExpecta-iOS.a in Frameworks */ = {isa = PBXBuildFile; fileRef = A37C0BAD166832E900C774CD /* libExpecta-iOS.a */; };
		A37C0BCE1668E82900C774CD /* AFServerStub.m in Sources */ = {isa = PBXBuildFile; fileRef = A37C0BCD1668E82900C774CD /* AFServerStub.m */; };
		A37C0BD11668E92C00C774CD /* NSManagedObjectContextChangeObserver.m in Sources */ = {isa = PBXBuildFile; fileRef = A37C0BD01668E92C00C774CD /* NSManagedObjectContextChangeObserver.m */; };
/* End PBXBuildFile section */

/* Begin PBXContainerItemProxy section */
		A30489A61667C457009511CB /* PBXContainerItemProxy */ = {
			isa = PBXContainerItemProxy;
			containerPortal = A30489861667C457009511CB /* Project object */;
			proxyType = 1;
			remoteGlobalIDString = A304898E1667C457009511CB;
			remoteInfo = AFIncrementalStore;
		};
		A37C0BAA166832E900C774CD /* PBXContainerItemProxy */ = {
			isa = PBXContainerItemProxy;
			containerPortal = A37C0B7E166832DA00C774CD /* Expecta.xcodeproj */;
			proxyType = 2;
			remoteGlobalIDString = E9ACDF0C13B2DD520010F4D7;
			remoteInfo = Expecta;
		};
		A37C0BAC166832E900C774CD /* PBXContainerItemProxy */ = {
			isa = PBXContainerItemProxy;
			containerPortal = A37C0B7E166832DA00C774CD /* Expecta.xcodeproj */;
			proxyType = 2;
			remoteGlobalIDString = E93067CE13B2E6D100EA26FF;
			remoteInfo = "Expecta-iOS";
		};
		A37C0BAE166832E900C774CD /* PBXContainerItemProxy */ = {
			isa = PBXContainerItemProxy;
			containerPortal = A37C0B7E166832DA00C774CD /* Expecta.xcodeproj */;
			proxyType = 2;
			remoteGlobalIDString = E9ACDF1D13B2DD520010F4D7;
			remoteInfo = ExpectaTests;
		};
		A37C0BB0166832E900C774CD /* PBXContainerItemProxy */ = {
			isa = PBXContainerItemProxy;
			containerPortal = A37C0B7E166832DA00C774CD /* Expecta.xcodeproj */;
			proxyType = 2;
			remoteGlobalIDString = E93067DA13B2E6D100EA26FF;
			remoteInfo = "Expecta-iOSTests";
		};
/* End PBXContainerItemProxy section */

/* Begin PBXCopyFilesBuildPhase section */
		A304898D1667C457009511CB /* CopyFiles */ = {
			isa = PBXCopyFilesBuildPhase;
			buildActionMask = 2147483647;
			dstPath = "include/${PRODUCT_NAME}";
			dstSubfolderSpec = 16;
			files = (
			);
			runOnlyForDeploymentPostprocessing = 0;
		};
/* End PBXCopyFilesBuildPhase section */

/* Begin PBXFileReference section */
		A304898F1667C457009511CB /* libAFIncrementalStore.a */ = {isa = PBXFileReference; explicitFileType = archive.ar; includeInIndex = 0; path = libAFIncrementalStore.a; sourceTree = BUILT_PRODUCTS_DIR; };
		A30489921667C457009511CB /* Foundation.framework */ = {isa = PBXFileReference; lastKnownFileType = wrapper.framework; name = Foundation.framework; path = System/Library/Frameworks/Foundation.framework; sourceTree = SDKROOT; };
		A30489A01667C457009511CB /* AFIncrementalStoreTests.octest */ = {isa = PBXFileReference; explicitFileType = wrapper.cfbundle; includeInIndex = 0; path = AFIncrementalStoreTests.octest; sourceTree = BUILT_PRODUCTS_DIR; };
		A30489A11667C457009511CB /* SenTestingKit.framework */ = {isa = PBXFileReference; lastKnownFileType = wrapper.framework; name = SenTestingKit.framework; path = Library/Frameworks/SenTestingKit.framework; sourceTree = DEVELOPER_DIR; };
		A30489AB1667C457009511CB /* AFIncrementalStoreTests-Info.plist */ = {isa = PBXFileReference; lastKnownFileType = text.plist.xml; path = "AFIncrementalStoreTests-Info.plist"; sourceTree = "<group>"; };
		A30489AD1667C457009511CB /* en */ = {isa = PBXFileReference; lastKnownFileType = text.plist.strings; name = en; path = en.lproj/InfoPlist.strings; sourceTree = "<group>"; };
		A30489B01667C457009511CB /* AFIncrementalStoreIntegrationTests.m */ = {isa = PBXFileReference; lastKnownFileType = sourcecode.c.objc; path = AFIncrementalStoreIntegrationTests.m; sourceTree = "<group>"; };
		A30489C11667C567009511CB /* AFIncrementalStore-Prefix.pch */ = {isa = PBXFileReference; fileEncoding = 4; lastKnownFileType = sourcecode.c.h; path = "AFIncrementalStore-Prefix.pch"; sourceTree = "<group>"; };
		A30489C21667C567009511CB /* AFIncrementalStore.h */ = {isa = PBXFileReference; fileEncoding = 4; lastKnownFileType = sourcecode.c.h; path = AFIncrementalStore.h; sourceTree = "<group>"; };
		A30489C31667C567009511CB /* AFIncrementalStore.m */ = {isa = PBXFileReference; fileEncoding = 4; lastKnownFileType = sourcecode.c.objc; path = AFIncrementalStore.m; sourceTree = "<group>"; };
		A30489C41667C567009511CB /* AFRESTClient.h */ = {isa = PBXFileReference; fileEncoding = 4; lastKnownFileType = sourcecode.c.h; path = AFRESTClient.h; sourceTree = "<group>"; };
		A30489C51667C567009511CB /* AFRESTClient.m */ = {isa = PBXFileReference; fileEncoding = 4; lastKnownFileType = sourcecode.c.objc; path = AFRESTClient.m; sourceTree = "<group>"; };
		A30489E21667C61A009511CB /* AFHTTPClient.h */ = {isa = PBXFileReference; fileEncoding = 4; lastKnownFileType = sourcecode.c.h; path = AFHTTPClient.h; sourceTree = "<group>"; };
		A30489E31667C61A009511CB /* AFHTTPClient.m */ = {isa = PBXFileReference; fileEncoding = 4; lastKnownFileType = sourcecode.c.objc; path = AFHTTPClient.m; sourceTree = "<group>"; };
		A30489E41667C61A009511CB /* AFHTTPRequestOperation.h */ = {isa = PBXFileReference; fileEncoding = 4; lastKnownFileType = sourcecode.c.h; path = AFHTTPRequestOperation.h; sourceTree = "<group>"; };
		A30489E51667C61A009511CB /* AFHTTPRequestOperation.m */ = {isa = PBXFileReference; fileEncoding = 4; lastKnownFileType = sourcecode.c.objc; path = AFHTTPRequestOperation.m; sourceTree = "<group>"; };
		A30489E61667C61A009511CB /* AFImageRequestOperation.h */ = {isa = PBXFileReference; fileEncoding = 4; lastKnownFileType = sourcecode.c.h; path = AFImageRequestOperation.h; sourceTree = "<group>"; };
		A30489E71667C61A009511CB /* AFImageRequestOperation.m */ = {isa = PBXFileReference; fileEncoding = 4; lastKnownFileType = sourcecode.c.objc; path = AFImageRequestOperation.m; sourceTree = "<group>"; };
		A30489E81667C61A009511CB /* AFJSONRequestOperation.h */ = {isa = PBXFileReference; fileEncoding = 4; lastKnownFileType = sourcecode.c.h; path = AFJSONRequestOperation.h; sourceTree = "<group>"; };
		A30489E91667C61A009511CB /* AFJSONRequestOperation.m */ = {isa = PBXFileReference; fileEncoding = 4; lastKnownFileType = sourcecode.c.objc; path = AFJSONRequestOperation.m; sourceTree = "<group>"; };
		A30489EA1667C61A009511CB /* AFNetworkActivityIndicatorManager.h */ = {isa = PBXFileReference; fileEncoding = 4; lastKnownFileType = sourcecode.c.h; path = AFNetworkActivityIndicatorManager.h; sourceTree = "<group>"; };
		A30489EB1667C61A009511CB /* AFNetworkActivityIndicatorManager.m */ = {isa = PBXFileReference; fileEncoding = 4; lastKnownFileType = sourcecode.c.objc; path = AFNetworkActivityIndicatorManager.m; sourceTree = "<group>"; };
		A30489EC1667C61A009511CB /* AFNetworking.h */ = {isa = PBXFileReference; fileEncoding = 4; lastKnownFileType = sourcecode.c.h; path = AFNetworking.h; sourceTree = "<group>"; };
		A30489ED1667C61A009511CB /* AFPropertyListRequestOperation.h */ = {isa = PBXFileReference; fileEncoding = 4; lastKnownFileType = sourcecode.c.h; path = AFPropertyListRequestOperation.h; sourceTree = "<group>"; };
		A30489EE1667C61A009511CB /* AFPropertyListRequestOperation.m */ = {isa = PBXFileReference; fileEncoding = 4; lastKnownFileType = sourcecode.c.objc; path = AFPropertyListRequestOperation.m; sourceTree = "<group>"; };
		A30489EF1667C61A009511CB /* AFURLConnectionOperation.h */ = {isa = PBXFileReference; fileEncoding = 4; lastKnownFileType = sourcecode.c.h; path = AFURLConnectionOperation.h; sourceTree = "<group>"; };
		A30489F01667C61A009511CB /* AFURLConnectionOperation.m */ = {isa = PBXFileReference; fileEncoding = 4; lastKnownFileType = sourcecode.c.objc; path = AFURLConnectionOperation.m; sourceTree = "<group>"; };
		A30489F11667C61A009511CB /* AFXMLRequestOperation.h */ = {isa = PBXFileReference; fileEncoding = 4; lastKnownFileType = sourcecode.c.h; path = AFXMLRequestOperation.h; sourceTree = "<group>"; };
		A30489F21667C61A009511CB /* AFXMLRequestOperation.m */ = {isa = PBXFileReference; fileEncoding = 4; lastKnownFileType = sourcecode.c.objc; path = AFXMLRequestOperation.m; sourceTree = "<group>"; };
		A30489F31667C61A009511CB /* UIImageView+AFNetworking.h */ = {isa = PBXFileReference; fileEncoding = 4; lastKnownFileType = sourcecode.c.h; path = "UIImageView+AFNetworking.h"; sourceTree = "<group>"; };
		A30489F41667C61A009511CB /* UIImageView+AFNetworking.m */ = {isa = PBXFileReference; fileEncoding = 4; lastKnownFileType = sourcecode.c.objc; path = "UIImageView+AFNetworking.m"; sourceTree = "<group>"; };
		A30489FE1667C665009511CB /* UIKit.framework */ = {isa = PBXFileReference; lastKnownFileType = wrapper.framework; name = UIKit.framework; path = System/Library/Frameworks/UIKit.framework; sourceTree = SDKROOT; };
		A3048A001667C71C009511CB /* SenTestMacros.h */ = {isa = PBXFileReference; fileEncoding = 4; lastKnownFileType = sourcecode.c.h; name = SenTestMacros.h; path = "../../../../clients/lshift/can-ios/CANEventStreamerTests/Support/SenTestMacros.h"; sourceTree = "<group>"; };
		A3048A011667C76C009511CB /* AFIncrementalStoreTests-prefix.pch */ = {isa = PBXFileReference; lastKnownFileType = sourcecode.c.h; path = "AFIncrementalStoreTests-prefix.pch"; sourceTree = "<group>"; };
		A3048A021667C831009511CB /* CoreData.framework */ = {isa = PBXFileReference; lastKnownFileType = wrapper.framework; name = CoreData.framework; path = System/Library/Frameworks/CoreData.framework; sourceTree = SDKROOT; };
		A3048A101667E801009511CB /* OHHTTPStubs.h */ = {isa = PBXFileReference; fileEncoding = 4; lastKnownFileType = sourcecode.c.h; path = OHHTTPStubs.h; sourceTree = "<group>"; };
		A3048A111667E801009511CB /* OHHTTPStubs.m */ = {isa = PBXFileReference; fileEncoding = 4; lastKnownFileType = sourcecode.c.objc; path = OHHTTPStubs.m; sourceTree = "<group>"; };
		A3048A151667E801009511CB /* OHHTTPStubsResponse.h */ = {isa = PBXFileReference; fileEncoding = 4; lastKnownFileType = sourcecode.c.h; path = OHHTTPStubsResponse.h; sourceTree = "<group>"; };
		A3048A161667E801009511CB /* OHHTTPStubsResponse.m */ = {isa = PBXFileReference; fileEncoding = 4; lastKnownFileType = sourcecode.c.objc; path = OHHTTPStubsResponse.m; sourceTree = "<group>"; };
		A37C0B7E166832DA00C774CD /* Expecta.xcodeproj */ = {isa = PBXFileReference; lastKnownFileType = "wrapper.pb-project"; name = Expecta.xcodeproj; path = Vendor/Expecta/Expecta.xcodeproj; sourceTree = "<group>"; };
		A37C0BCC1668E82900C774CD /* AFServerStub.h */ = {isa = PBXFileReference; fileEncoding = 4; lastKnownFileType = sourcecode.c.h; name = AFServerStub.h; path = Support/AFServerStub.h; sourceTree = "<group>"; };
		A37C0BCD1668E82900C774CD /* AFServerStub.m */ = {isa = PBXFileReference; fileEncoding = 4; lastKnownFileType = sourcecode.c.objc; name = AFServerStub.m; path = Support/AFServerStub.m; sourceTree = "<group>"; };
		A37C0BCF1668E92C00C774CD /* NSManagedObjectContextChangeObserver.h */ = {isa = PBXFileReference; fileEncoding = 4; lastKnownFileType = sourcecode.c.h; name = NSManagedObjectContextChangeObserver.h; path = Support/NSManagedObjectContextChangeObserver.h; sourceTree = "<group>"; };
		A37C0BD01668E92C00C774CD /* NSManagedObjectContextChangeObserver.m */ = {isa = PBXFileReference; fileEncoding = 4; lastKnownFileType = sourcecode.c.objc; name = NSManagedObjectContextChangeObserver.m; path = Support/NSManagedObjectContextChangeObserver.m; sourceTree = "<group>"; };
/* End PBXFileReference section */

/* Begin PBXFrameworksBuildPhase section */
		A304898C1667C457009511CB /* Frameworks */ = {
			isa = PBXFrameworksBuildPhase;
			buildActionMask = 2147483647;
			files = (
				A30489931667C457009511CB /* Foundation.framework in Frameworks */,
			);
			runOnlyForDeploymentPostprocessing = 0;
		};
		A304899C1667C457009511CB /* Frameworks */ = {
			isa = PBXFrameworksBuildPhase;
			buildActionMask = 2147483647;
			files = (
				A37C0BB2166832F400C774CD /* libExpecta-iOS.a in Frameworks */,
				A3048A031667C831009511CB /* CoreData.framework in Frameworks */,
				A30489FF1667C665009511CB /* UIKit.framework in Frameworks */,
				A30489A21667C457009511CB /* SenTestingKit.framework in Frameworks */,
				A30489A51667C457009511CB /* Foundation.framework in Frameworks */,
				A30489A81667C457009511CB /* libAFIncrementalStore.a in Frameworks */,
			);
			runOnlyForDeploymentPostprocessing = 0;
		};
/* End PBXFrameworksBuildPhase section */

/* Begin PBXGroup section */
		A30489841667C457009511CB = {
			isa = PBXGroup;
			children = (
				A30489941667C457009511CB /* AFIncrementalStore */,
				A30489A91667C457009511CB /* AFIncrementalStoreTests */,
				A30489E11667C61A009511CB /* AFNetworking */,
				A30489911667C457009511CB /* Frameworks */,
				A30489901667C457009511CB /* Products */,
			);
			indentWidth = 4;
			sourceTree = "<group>";
			tabWidth = 4;
		};
		A30489901667C457009511CB /* Products */ = {
			isa = PBXGroup;
			children = (
				A304898F1667C457009511CB /* libAFIncrementalStore.a */,
				A30489A01667C457009511CB /* AFIncrementalStoreTests.octest */,
			);
			name = Products;
			sourceTree = "<group>";
		};
		A30489911667C457009511CB /* Frameworks */ = {
			isa = PBXGroup;
			children = (
				A3048A021667C831009511CB /* CoreData.framework */,
				A30489FE1667C665009511CB /* UIKit.framework */,
				A30489921667C457009511CB /* Foundation.framework */,
				A30489A11667C457009511CB /* SenTestingKit.framework */,
			);
			name = Frameworks;
			sourceTree = "<group>";
		};
		A30489941667C457009511CB /* AFIncrementalStore */ = {
			isa = PBXGroup;
			children = (
				A30489C21667C567009511CB /* AFIncrementalStore.h */,
				A30489C31667C567009511CB /* AFIncrementalStore.m */,
				A30489C41667C567009511CB /* AFRESTClient.h */,
				A30489C51667C567009511CB /* AFRESTClient.m */,
				A30489951667C457009511CB /* Supporting Files */,
			);
			path = AFIncrementalStore;
			sourceTree = "<group>";
		};
		A30489951667C457009511CB /* Supporting Files */ = {
			isa = PBXGroup;
			children = (
				A30489C11667C567009511CB /* AFIncrementalStore-Prefix.pch */,
			);
			name = "Supporting Files";
			sourceTree = "<group>";
		};
		A30489A91667C457009511CB /* AFIncrementalStoreTests */ = {
			isa = PBXGroup;
			children = (
				A30489B01667C457009511CB /* AFIncrementalStoreIntegrationTests.m */,
				A37C0BCB1668E7EA00C774CD /* Support */,
				A30489AA1667C457009511CB /* Supporting Files */,
			);
			path = AFIncrementalStoreTests;
			sourceTree = "<group>";
		};
		A30489AA1667C457009511CB /* Supporting Files */ = {
			isa = PBXGroup;
			children = (
				A37C0B7E166832DA00C774CD /* Expecta.xcodeproj */,
				A3048A0F1667E801009511CB /* OHHTTPStubs */,
				A3048A011667C76C009511CB /* AFIncrementalStoreTests-prefix.pch */,
				A3048A001667C71C009511CB /* SenTestMacros.h */,
				A30489AB1667C457009511CB /* AFIncrementalStoreTests-Info.plist */,
				A30489AC1667C457009511CB /* InfoPlist.strings */,
			);
			name = "Supporting Files";
			sourceTree = "<group>";
		};
		A30489E11667C61A009511CB /* AFNetworking */ = {
			isa = PBXGroup;
			children = (
				A30489E21667C61A009511CB /* AFHTTPClient.h */,
				A30489E31667C61A009511CB /* AFHTTPClient.m */,
				A30489E41667C61A009511CB /* AFHTTPRequestOperation.h */,
				A30489E51667C61A009511CB /* AFHTTPRequestOperation.m */,
				A30489E61667C61A009511CB /* AFImageRequestOperation.h */,
				A30489E71667C61A009511CB /* AFImageRequestOperation.m */,
				A30489E81667C61A009511CB /* AFJSONRequestOperation.h */,
				A30489E91667C61A009511CB /* AFJSONRequestOperation.m */,
				A30489EA1667C61A009511CB /* AFNetworkActivityIndicatorManager.h */,
				A30489EB1667C61A009511CB /* AFNetworkActivityIndicatorManager.m */,
				A30489EC1667C61A009511CB /* AFNetworking.h */,
				A30489ED1667C61A009511CB /* AFPropertyListRequestOperation.h */,
				A30489EE1667C61A009511CB /* AFPropertyListRequestOperation.m */,
				A30489EF1667C61A009511CB /* AFURLConnectionOperation.h */,
				A30489F01667C61A009511CB /* AFURLConnectionOperation.m */,
				A30489F11667C61A009511CB /* AFXMLRequestOperation.h */,
				A30489F21667C61A009511CB /* AFXMLRequestOperation.m */,
				A30489F31667C61A009511CB /* UIImageView+AFNetworking.h */,
				A30489F41667C61A009511CB /* UIImageView+AFNetworking.m */,
			);
			name = AFNetworking;
			path = ../AFNetworking/AFNetworking;
			sourceTree = "<group>";
		};
		A3048A0F1667E801009511CB /* OHHTTPStubs */ = {
			isa = PBXGroup;
			children = (
				A3048A101667E801009511CB /* OHHTTPStubs.h */,
				A3048A111667E801009511CB /* OHHTTPStubs.m */,
				A3048A151667E801009511CB /* OHHTTPStubsResponse.h */,
				A3048A161667E801009511CB /* OHHTTPStubsResponse.m */,
			);
			name = OHHTTPStubs;
			path = Vendor/OHHTTPStubs/OHHTTPStubs;
			sourceTree = "<group>";
		};
		A37C0BA4166832E900C774CD /* Products */ = {
			isa = PBXGroup;
			children = (
				A37C0BAB166832E900C774CD /* libExpecta.a */,
				A37C0BAD166832E900C774CD /* libExpecta-iOS.a */,
				A37C0BAF166832E900C774CD /* ExpectaTests.octest */,
				A37C0BB1166832E900C774CD /* Expecta-iOSTests.octest */,
			);
			name = Products;
			sourceTree = "<group>";
		};
		A37C0BCB1668E7EA00C774CD /* Support */ = {
			isa = PBXGroup;
			children = (
				A37C0BCF1668E92C00C774CD /* NSManagedObjectContextChangeObserver.h */,
				A37C0BD01668E92C00C774CD /* NSManagedObjectContextChangeObserver.m */,
				A37C0BCC1668E82900C774CD /* AFServerStub.h */,
				A37C0BCD1668E82900C774CD /* AFServerStub.m */,
			);
			name = Support;
			sourceTree = "<group>";
		};
/* End PBXGroup section */

/* Begin PBXNativeTarget section */
		A304898E1667C457009511CB /* AFIncrementalStore */ = {
			isa = PBXNativeTarget;
			buildConfigurationList = A30489B41667C457009511CB /* Build configuration list for PBXNativeTarget "AFIncrementalStore" */;
			buildPhases = (
				A304898B1667C457009511CB /* Sources */,
				A304898C1667C457009511CB /* Frameworks */,
				A304898D1667C457009511CB /* CopyFiles */,
			);
			buildRules = (
			);
			dependencies = (
			);
			name = AFIncrementalStore;
			productName = AFIncrementalStore;
			productReference = A304898F1667C457009511CB /* libAFIncrementalStore.a */;
			productType = "com.apple.product-type.library.static";
		};
		A304899F1667C457009511CB /* AFIncrementalStoreTests */ = {
			isa = PBXNativeTarget;
			buildConfigurationList = A30489B71667C457009511CB /* Build configuration list for PBXNativeTarget "AFIncrementalStoreTests" */;
			buildPhases = (
				A304899B1667C457009511CB /* Sources */,
				A304899C1667C457009511CB /* Frameworks */,
				A304899D1667C457009511CB /* Resources */,
				A304899E1667C457009511CB /* ShellScript */,
			);
			buildRules = (
			);
			dependencies = (
				A30489A71667C457009511CB /* PBXTargetDependency */,
			);
			name = AFIncrementalStoreTests;
			productName = AFIncrementalStoreTests;
			productReference = A30489A01667C457009511CB /* AFIncrementalStoreTests.octest */;
			productType = "com.apple.product-type.bundle";
		};
/* End PBXNativeTarget section */

/* Begin PBXProject section */
		A30489861667C457009511CB /* Project object */ = {
			isa = PBXProject;
			attributes = {
				LastUpgradeCheck = 0450;
				ORGANIZATIONNAME = "LJR Software Ltd";
			};
			buildConfigurationList = A30489891667C457009511CB /* Build configuration list for PBXProject "AFIncrementalStore" */;
			compatibilityVersion = "Xcode 3.2";
			developmentRegion = English;
			hasScannedForEncodings = 0;
			knownRegions = (
				en,
			);
			mainGroup = A30489841667C457009511CB;
			productRefGroup = A30489901667C457009511CB /* Products */;
			projectDirPath = "";
			projectReferences = (
				{
					ProductGroup = A37C0BA4166832E900C774CD /* Products */;
					ProjectRef = A37C0B7E166832DA00C774CD /* Expecta.xcodeproj */;
				},
			);
			projectRoot = "";
			targets = (
				A304898E1667C457009511CB /* AFIncrementalStore */,
				A304899F1667C457009511CB /* AFIncrementalStoreTests */,
			);
		};
/* End PBXProject section */

/* Begin PBXReferenceProxy section */
		A37C0BAB166832E900C774CD /* libExpecta.a */ = {
			isa = PBXReferenceProxy;
			fileType = archive.ar;
			path = libExpecta.a;
			remoteRef = A37C0BAA166832E900C774CD /* PBXContainerItemProxy */;
			sourceTree = BUILT_PRODUCTS_DIR;
		};
		A37C0BAD166832E900C774CD /* libExpecta-iOS.a */ = {
			isa = PBXReferenceProxy;
			fileType = archive.ar;
			path = "libExpecta-iOS.a";
			remoteRef = A37C0BAC166832E900C774CD /* PBXContainerItemProxy */;
			sourceTree = BUILT_PRODUCTS_DIR;
		};
		A37C0BAF166832E900C774CD /* ExpectaTests.octest */ = {
			isa = PBXReferenceProxy;
			fileType = wrapper.cfbundle;
			path = ExpectaTests.octest;
			remoteRef = A37C0BAE166832E900C774CD /* PBXContainerItemProxy */;
			sourceTree = BUILT_PRODUCTS_DIR;
		};
		A37C0BB1166832E900C774CD /* Expecta-iOSTests.octest */ = {
			isa = PBXReferenceProxy;
			fileType = wrapper.cfbundle;
			path = "Expecta-iOSTests.octest";
			remoteRef = A37C0BB0166832E900C774CD /* PBXContainerItemProxy */;
			sourceTree = BUILT_PRODUCTS_DIR;
		};
/* End PBXReferenceProxy section */

/* Begin PBXResourcesBuildPhase section */
		A304899D1667C457009511CB /* Resources */ = {
			isa = PBXResourcesBuildPhase;
			buildActionMask = 2147483647;
			files = (
				A30489AE1667C457009511CB /* InfoPlist.strings in Resources */,
			);
			runOnlyForDeploymentPostprocessing = 0;
		};
/* End PBXResourcesBuildPhase section */

/* Begin PBXShellScriptBuildPhase section */
		A304899E1667C457009511CB /* ShellScript */ = {
			isa = PBXShellScriptBuildPhase;
			buildActionMask = 2147483647;
			files = (
			);
			inputPaths = (
			);
			outputPaths = (
			);
			runOnlyForDeploymentPostprocessing = 0;
			shellPath = /bin/sh;
			shellScript = "# Run the unit tests in this test bundle.\n\"${SYSTEM_DEVELOPER_DIR}/Tools/RunUnitTests\"\n";
		};
/* End PBXShellScriptBuildPhase section */

/* Begin PBXSourcesBuildPhase section */
		A304898B1667C457009511CB /* Sources */ = {
			isa = PBXSourcesBuildPhase;
			buildActionMask = 2147483647;
			files = (
				A30489C61667C567009511CB /* AFIncrementalStore.m in Sources */,
				A30489C71667C567009511CB /* AFRESTClient.m in Sources */,
			);
			runOnlyForDeploymentPostprocessing = 0;
		};
		A304899B1667C457009511CB /* Sources */ = {
			isa = PBXSourcesBuildPhase;
			buildActionMask = 2147483647;
			files = (
				A30489B11667C457009511CB /* AFIncrementalStoreIntegrationTests.m in Sources */,
				A30489F51667C61A009511CB /* AFHTTPClient.m in Sources */,
				A30489F61667C61A009511CB /* AFHTTPRequestOperation.m in Sources */,
				A30489F71667C61A009511CB /* AFImageRequestOperation.m in Sources */,
				A30489F81667C61A009511CB /* AFJSONRequestOperation.m in Sources */,
				A30489F91667C61A009511CB /* AFNetworkActivityIndicatorManager.m in Sources */,
				A30489FA1667C61A009511CB /* AFPropertyListRequestOperation.m in Sources */,
				A30489FB1667C61A009511CB /* AFURLConnectionOperation.m in Sources */,
				A30489FC1667C61A009511CB /* AFXMLRequestOperation.m in Sources */,
				A30489FD1667C61A009511CB /* UIImageView+AFNetworking.m in Sources */,
				A3048A1B1667E801009511CB /* OHHTTPStubs.m in Sources */,
				A3048A1C1667E801009511CB /* OHHTTPStubsResponse.m in Sources */,
				A37C0BCE1668E82900C774CD /* AFServerStub.m in Sources */,
				A37C0BD11668E92C00C774CD /* NSManagedObjectContextChangeObserver.m in Sources */,
			);
			runOnlyForDeploymentPostprocessing = 0;
		};
/* End PBXSourcesBuildPhase section */

/* Begin PBXTargetDependency section */
		A30489A71667C457009511CB /* PBXTargetDependency */ = {
			isa = PBXTargetDependency;
			target = A304898E1667C457009511CB /* AFIncrementalStore */;
			targetProxy = A30489A61667C457009511CB /* PBXContainerItemProxy */;
		};
/* End PBXTargetDependency section */

/* Begin PBXVariantGroup section */
		A30489AC1667C457009511CB /* InfoPlist.strings */ = {
			isa = PBXVariantGroup;
			children = (
				A30489AD1667C457009511CB /* en */,
			);
			name = InfoPlist.strings;
			sourceTree = "<group>";
		};
/* End PBXVariantGroup section */

/* Begin XCBuildConfiguration section */
		A30489B21667C457009511CB /* Debug */ = {
			isa = XCBuildConfiguration;
			buildSettings = {
				ALWAYS_SEARCH_USER_PATHS = NO;
				CLANG_CXX_LANGUAGE_STANDARD = "gnu++0x";
				CLANG_CXX_LIBRARY = "libc++";
				CLANG_ENABLE_OBJC_ARC = YES;
				CLANG_WARN_EMPTY_BODY = YES;
				CLANG_WARN__DUPLICATE_METHOD_MATCH = YES;
				COPY_PHASE_STRIP = NO;
				GCC_C_LANGUAGE_STANDARD = gnu99;
				GCC_DYNAMIC_NO_PIC = NO;
				GCC_OPTIMIZATION_LEVEL = 0;
				GCC_PREPROCESSOR_DEFINITIONS = (
					"DEBUG=1",
					"$(inherited)",
				);
				GCC_SYMBOLS_PRIVATE_EXTERN = NO;
				GCC_WARN_ABOUT_RETURN_TYPE = YES;
				GCC_WARN_UNINITIALIZED_AUTOS = YES;
				GCC_WARN_UNUSED_VARIABLE = YES;
				IPHONEOS_DEPLOYMENT_TARGET = 6.0;
				ONLY_ACTIVE_ARCH = YES;
				SDKROOT = iphoneos;
			};
			name = Debug;
		};
		A30489B31667C457009511CB /* Release */ = {
			isa = XCBuildConfiguration;
			buildSettings = {
				ALWAYS_SEARCH_USER_PATHS = NO;
				CLANG_CXX_LANGUAGE_STANDARD = "gnu++0x";
				CLANG_CXX_LIBRARY = "libc++";
				CLANG_ENABLE_OBJC_ARC = YES;
				CLANG_WARN_EMPTY_BODY = YES;
				CLANG_WARN__DUPLICATE_METHOD_MATCH = YES;
				COPY_PHASE_STRIP = YES;
				GCC_C_LANGUAGE_STANDARD = gnu99;
				GCC_WARN_ABOUT_RETURN_TYPE = YES;
				GCC_WARN_UNINITIALIZED_AUTOS = YES;
				GCC_WARN_UNUSED_VARIABLE = YES;
				IPHONEOS_DEPLOYMENT_TARGET = 6.0;
				SDKROOT = iphoneos;
				VALIDATE_PRODUCT = YES;
			};
			name = Release;
		};
		A30489B51667C457009511CB /* Debug */ = {
			isa = XCBuildConfiguration;
			buildSettings = {
				DSTROOT = /tmp/AFIncrementalStore.dst;
				GCC_PRECOMPILE_PREFIX_HEADER = YES;
				GCC_PREFIX_HEADER = "AFIncrementalStore/AFIncrementalStore-Prefix.pch";
				HEADER_SEARCH_PATHS = "$(SRCROOT)/../AFNetworking/AFNetworking";
				OTHER_LDFLAGS = "-ObjC";
				PRODUCT_NAME = "$(TARGET_NAME)";
				SKIP_INSTALL = YES;
			};
			name = Debug;
		};
		A30489B61667C457009511CB /* Release */ = {
			isa = XCBuildConfiguration;
			buildSettings = {
				DSTROOT = /tmp/AFIncrementalStore.dst;
				GCC_PRECOMPILE_PREFIX_HEADER = YES;
				GCC_PREFIX_HEADER = "AFIncrementalStore/AFIncrementalStore-Prefix.pch";
				HEADER_SEARCH_PATHS = "$(SRCROOT)/../AFNetworking/AFNetworking";
				OTHER_LDFLAGS = "-ObjC";
				PRODUCT_NAME = "$(TARGET_NAME)";
				SKIP_INSTALL = YES;
			};
			name = Release;
		};
		A30489B81667C457009511CB /* Debug */ = {
			isa = XCBuildConfiguration;
			buildSettings = {
				FRAMEWORK_SEARCH_PATHS = (
					"\"$(SDKROOT)/Developer/Library/Frameworks\"",
					"\"$(DEVELOPER_LIBRARY_DIR)/Frameworks\"",
				);
				GCC_PRECOMPILE_PREFIX_HEADER = YES;
				GCC_PREFIX_HEADER = "AFIncrementalStoreTests/AFIncrementalStoreTests-Prefix.pch";
				HEADER_SEARCH_PATHS = "$(SRCROOT)/$(TARGET_NAME)/Vendor/Expecta/src/**";
				INFOPLIST_FILE = "AFIncrementalStoreTests/AFIncrementalStoreTests-Info.plist";
				OTHER_LDFLAGS = "-ObjC";
				PRODUCT_NAME = "$(TARGET_NAME)";
				WRAPPER_EXTENSION = octest;
			};
			name = Debug;
		};
		A30489B91667C457009511CB /* Release */ = {
			isa = XCBuildConfiguration;
			buildSettings = {
				FRAMEWORK_SEARCH_PATHS = (
					"\"$(SDKROOT)/Developer/Library/Frameworks\"",
					"\"$(DEVELOPER_LIBRARY_DIR)/Frameworks\"",
				);
				GCC_PRECOMPILE_PREFIX_HEADER = YES;
				GCC_PREFIX_HEADER = "AFIncrementalStoreTests/AFIncrementalStoreTests-Prefix.pch";
				HEADER_SEARCH_PATHS = "$(SRCROOT)/$(TARGET_NAME)/Vendor/Expecta/src/**";
				INFOPLIST_FILE = "AFIncrementalStoreTests/AFIncrementalStoreTests-Info.plist";
				OTHER_LDFLAGS = "-ObjC";
				PRODUCT_NAME = "$(TARGET_NAME)";
				WRAPPER_EXTENSION = octest;
			};
			name = Release;
		};
/* End XCBuildConfiguration section */

/* Begin XCConfigurationList section */
		A30489891667C457009511CB /* Build configuration list for PBXProject "AFIncrementalStore" */ = {
			isa = XCConfigurationList;
			buildConfigurations = (
				A30489B21667C457009511CB /* Debug */,
				A30489B31667C457009511CB /* Release */,
			);
			defaultConfigurationIsVisible = 0;
			defaultConfigurationName = Release;
		};
		A30489B41667C457009511CB /* Build configuration list for PBXNativeTarget "AFIncrementalStore" */ = {
			isa = XCConfigurationList;
			buildConfigurations = (
				A30489B51667C457009511CB /* Debug */,
				A30489B61667C457009511CB /* Release */,
			);
			defaultConfigurationIsVisible = 0;
			defaultConfigurationName = Release;
		};
		A30489B71667C457009511CB /* Build configuration list for PBXNativeTarget "AFIncrementalStoreTests" */ = {
			isa = XCConfigurationList;
			buildConfigurations = (
				A30489B81667C457009511CB /* Debug */,
				A30489B91667C457009511CB /* Release */,
			);
			defaultConfigurationIsVisible = 0;
			defaultConfigurationName = Release;
		};
/* End XCConfigurationList section */
	};
	rootObject = A30489861667C457009511CB /* Project object */;
}
